// !$*UTF8*$!
{
	archiveVersion = 1;
	classes = {
	};
	objectVersion = 56;
	objects = {

/* Begin PBXBuildFile section */
		0C10738E29DA03E7006C3B37 /* CreateAccountApprovedViewController.swift in Sources */ = {isa = PBXBuildFile; fileRef = 0C10738D29DA03E7006C3B37 /* CreateAccountApprovedViewController.swift */; };
		0C10739129DA1307006C3B37 /* Realm in Frameworks */ = {isa = PBXBuildFile; productRef = 0C10739029DA1307006C3B37 /* Realm */; };
		0C10739329DA1307006C3B37 /* RealmSwift in Frameworks */ = {isa = PBXBuildFile; productRef = 0C10739229DA1307006C3B37 /* RealmSwift */; };
		0CD4D88B29D8C8BA009ADF5E /* AppDelegate.swift in Sources */ = {isa = PBXBuildFile; fileRef = 0CD4D88A29D8C8BA009ADF5E /* AppDelegate.swift */; };
		0CD4D88D29D8C8BA009ADF5E /* SceneDelegate.swift in Sources */ = {isa = PBXBuildFile; fileRef = 0CD4D88C29D8C8BA009ADF5E /* SceneDelegate.swift */; };
		0CD4D88F29D8C8BA009ADF5E /* ViewController.swift in Sources */ = {isa = PBXBuildFile; fileRef = 0CD4D88E29D8C8BA009ADF5E /* ViewController.swift */; };
		0CD4D89229D8C8BA009ADF5E /* Main.storyboard in Resources */ = {isa = PBXBuildFile; fileRef = 0CD4D89029D8C8BA009ADF5E /* Main.storyboard */; };
		0CD4D89429D8C8BA009ADF5E /* Assets.xcassets in Resources */ = {isa = PBXBuildFile; fileRef = 0CD4D89329D8C8BA009ADF5E /* Assets.xcassets */; };
		0CD4D89729D8C8BA009ADF5E /* LaunchScreen.storyboard in Resources */ = {isa = PBXBuildFile; fileRef = 0CD4D89529D8C8BA009ADF5E /* LaunchScreen.storyboard */; };
		0CD4D89F29D911FA009ADF5E /* LoginViewController.swift in Sources */ = {isa = PBXBuildFile; fileRef = 0CD4D89E29D911FA009ADF5E /* LoginViewController.swift */; };
		0CD4D8A129D91466009ADF5E /* CreateAccountViewController.swift in Sources */ = {isa = PBXBuildFile; fileRef = 0CD4D8A029D91466009ADF5E /* CreateAccountViewController.swift */; };
		54D554A41A9D5619EA828483 /* Pods_Friendship.framework in Frameworks */ = {isa = PBXBuildFile; fileRef = CFFA2EF757C4B48DC668707E /* Pods_Friendship.framework */; };
/* End PBXBuildFile section */

/* Begin PBXFileReference section */
		0C10738D29DA03E7006C3B37 /* CreateAccountApprovedViewController.swift */ = {isa = PBXFileReference; lastKnownFileType = sourcecode.swift; path = CreateAccountApprovedViewController.swift; sourceTree = "<group>"; };
		0CD4D88729D8C8BA009ADF5E /* Friendship.app */ = {isa = PBXFileReference; explicitFileType = wrapper.application; includeInIndex = 0; path = Friendship.app; sourceTree = BUILT_PRODUCTS_DIR; };
		0CD4D88A29D8C8BA009ADF5E /* AppDelegate.swift */ = {isa = PBXFileReference; lastKnownFileType = sourcecode.swift; path = AppDelegate.swift; sourceTree = "<group>"; };
		0CD4D88C29D8C8BA009ADF5E /* SceneDelegate.swift */ = {isa = PBXFileReference; lastKnownFileType = sourcecode.swift; path = SceneDelegate.swift; sourceTree = "<group>"; };
		0CD4D88E29D8C8BA009ADF5E /* ViewController.swift */ = {isa = PBXFileReference; lastKnownFileType = sourcecode.swift; path = ViewController.swift; sourceTree = "<group>"; };
		0CD4D89129D8C8BA009ADF5E /* Base */ = {isa = PBXFileReference; lastKnownFileType = file.storyboard; name = Base; path = Base.lproj/Main.storyboard; sourceTree = "<group>"; };
		0CD4D89329D8C8BA009ADF5E /* Assets.xcassets */ = {isa = PBXFileReference; lastKnownFileType = folder.assetcatalog; path = Assets.xcassets; sourceTree = "<group>"; };
		0CD4D89629D8C8BA009ADF5E /* Base */ = {isa = PBXFileReference; lastKnownFileType = file.storyboard; name = Base; path = Base.lproj/LaunchScreen.storyboard; sourceTree = "<group>"; };
		0CD4D89829D8C8BA009ADF5E /* Info.plist */ = {isa = PBXFileReference; lastKnownFileType = text.plist.xml; path = Info.plist; sourceTree = "<group>"; };
		0CD4D89E29D911FA009ADF5E /* LoginViewController.swift */ = {isa = PBXFileReference; lastKnownFileType = sourcecode.swift; path = LoginViewController.swift; sourceTree = "<group>"; };
		0CD4D8A029D91466009ADF5E /* CreateAccountViewController.swift */ = {isa = PBXFileReference; lastKnownFileType = sourcecode.swift; path = CreateAccountViewController.swift; sourceTree = "<group>"; };
		3BDDAB9D592C2F8DAB6C6D6C /* Pods-Friendship.debug.xcconfig */ = {isa = PBXFileReference; includeInIndex = 1; lastKnownFileType = text.xcconfig; name = "Pods-Friendship.debug.xcconfig"; path = "Target Support Files/Pods-Friendship/Pods-Friendship.debug.xcconfig"; sourceTree = "<group>"; };
		90796C12E32D355A3F99CB6C /* Pods-Friendship.release.xcconfig */ = {isa = PBXFileReference; includeInIndex = 1; lastKnownFileType = text.xcconfig; name = "Pods-Friendship.release.xcconfig"; path = "Target Support Files/Pods-Friendship/Pods-Friendship.release.xcconfig"; sourceTree = "<group>"; };
		CFFA2EF757C4B48DC668707E /* Pods_Friendship.framework */ = {isa = PBXFileReference; explicitFileType = wrapper.framework; includeInIndex = 0; path = Pods_Friendship.framework; sourceTree = BUILT_PRODUCTS_DIR; };
/* End PBXFileReference section */

/* Begin PBXFrameworksBuildPhase section */
		0CD4D88429D8C8BA009ADF5E /* Frameworks */ = {
			isa = PBXFrameworksBuildPhase;
			buildActionMask = 2147483647;
			files = (
				0C10739329DA1307006C3B37 /* RealmSwift in Frameworks */,
				0C10739129DA1307006C3B37 /* Realm in Frameworks */,
				54D554A41A9D5619EA828483 /* Pods_Friendship.framework in Frameworks */,
			);
			runOnlyForDeploymentPostprocessing = 0;
		};
/* End PBXFrameworksBuildPhase section */

/* Begin PBXGroup section */
		0CD4D87E29D8C8BA009ADF5E = {
			isa = PBXGroup;
			children = (
				0CD4D88929D8C8BA009ADF5E /* Friendship */,
				0CD4D88829D8C8BA009ADF5E /* Products */,
				8B3569236DB7091722425CFD /* Pods */,
				E9724E6C2BF30D24EFEAE7CA /* Frameworks */,
			);
			sourceTree = "<group>";
		};
		0CD4D88829D8C8BA009ADF5E /* Products */ = {
			isa = PBXGroup;
			children = (
				0CD4D88729D8C8BA009ADF5E /* Friendship.app */,
			);
			name = Products;
			sourceTree = "<group>";
		};
		0CD4D88929D8C8BA009ADF5E /* Friendship */ = {
			isa = PBXGroup;
			children = (
				0CD4D88A29D8C8BA009ADF5E /* AppDelegate.swift */,
				0CD4D88C29D8C8BA009ADF5E /* SceneDelegate.swift */,
				0CD4D88E29D8C8BA009ADF5E /* ViewController.swift */,
				0CD4D89029D8C8BA009ADF5E /* Main.storyboard */,
				0C10738D29DA03E7006C3B37 /* CreateAccountApprovedViewController.swift */,
				0CD4D89E29D911FA009ADF5E /* LoginViewController.swift */,
				0CD4D8A029D91466009ADF5E /* CreateAccountViewController.swift */,
				0CD4D89329D8C8BA009ADF5E /* Assets.xcassets */,
				0CD4D89529D8C8BA009ADF5E /* LaunchScreen.storyboard */,
				0CD4D89829D8C8BA009ADF5E /* Info.plist */,
			);
			path = Friendship;
			sourceTree = "<group>";
		};
		8B3569236DB7091722425CFD /* Pods */ = {
			isa = PBXGroup;
			children = (
				3BDDAB9D592C2F8DAB6C6D6C /* Pods-Friendship.debug.xcconfig */,
				90796C12E32D355A3F99CB6C /* Pods-Friendship.release.xcconfig */,
			);
			name = Pods;
			path = Pods;
			sourceTree = "<group>";
		};
		E9724E6C2BF30D24EFEAE7CA /* Frameworks */ = {
			isa = PBXGroup;
			children = (
				CFFA2EF757C4B48DC668707E /* Pods_Friendship.framework */,
			);
			name = Frameworks;
			sourceTree = "<group>";
		};
/* End PBXGroup section */

/* Begin PBXNativeTarget section */
		0CD4D88629D8C8BA009ADF5E /* Friendship */ = {
			isa = PBXNativeTarget;
			buildConfigurationList = 0CD4D89B29D8C8BA009ADF5E /* Build configuration list for PBXNativeTarget "Friendship" */;
			buildPhases = (
				5FB867514AA5E58D039C28CB /* [CP] Check Pods Manifest.lock */,
				0CD4D88329D8C8BA009ADF5E /* Sources */,
				0CD4D88429D8C8BA009ADF5E /* Frameworks */,
				0CD4D88529D8C8BA009ADF5E /* Resources */,
			);
			buildRules = (
			);
			dependencies = (
			);
			name = Friendship;
			packageProductDependencies = (
				0C10739029DA1307006C3B37 /* Realm */,
				0C10739229DA1307006C3B37 /* RealmSwift */,
			);
			productName = Friendship;
			productReference = 0CD4D88729D8C8BA009ADF5E /* Friendship.app */;
			productType = "com.apple.product-type.application";
		};
/* End PBXNativeTarget section */

/* Begin PBXProject section */
		0CD4D87F29D8C8BA009ADF5E /* Project object */ = {
			isa = PBXProject;
			attributes = {
				BuildIndependentTargetsInParallel = 1;
				LastSwiftUpdateCheck = 1420;
				LastUpgradeCheck = 1420;
				TargetAttributes = {
					0CD4D88629D8C8BA009ADF5E = {
						CreatedOnToolsVersion = 14.2;
					};
				};
			};
			buildConfigurationList = 0CD4D88229D8C8BA009ADF5E /* Build configuration list for PBXProject "Friendship" */;
			compatibilityVersion = "Xcode 14.0";
			developmentRegion = en;
			hasScannedForEncodings = 0;
			knownRegions = (
				en,
				Base,
			);
			mainGroup = 0CD4D87E29D8C8BA009ADF5E;
			packageReferences = (
				0C10738F29DA1307006C3B37 /* XCRemoteSwiftPackageReference "realm-swift.git" */,
			);
			productRefGroup = 0CD4D88829D8C8BA009ADF5E /* Products */;
			projectDirPath = "";
			projectRoot = "";
			targets = (
				0CD4D88629D8C8BA009ADF5E /* Friendship */,
			);
		};
/* End PBXProject section */

/* Begin PBXResourcesBuildPhase section */
		0CD4D88529D8C8BA009ADF5E /* Resources */ = {
			isa = PBXResourcesBuildPhase;
			buildActionMask = 2147483647;
			files = (
				0CD4D89729D8C8BA009ADF5E /* LaunchScreen.storyboard in Resources */,
				0CD4D89429D8C8BA009ADF5E /* Assets.xcassets in Resources */,
				0CD4D89229D8C8BA009ADF5E /* Main.storyboard in Resources */,
			);
			runOnlyForDeploymentPostprocessing = 0;
		};
/* End PBXResourcesBuildPhase section */

/* Begin PBXShellScriptBuildPhase section */
		5FB867514AA5E58D039C28CB /* [CP] Check Pods Manifest.lock */ = {
			isa = PBXShellScriptBuildPhase;
			buildActionMask = 2147483647;
			files = (
			);
			inputFileListPaths = (
			);
			inputPaths = (
				"${PODS_PODFILE_DIR_PATH}/Podfile.lock",
				"${PODS_ROOT}/Manifest.lock",
			);
			name = "[CP] Check Pods Manifest.lock";
			outputFileListPaths = (
			);
			outputPaths = (
				"$(DERIVED_FILE_DIR)/Pods-Friendship-checkManifestLockResult.txt",
			);
			runOnlyForDeploymentPostprocessing = 0;
			shellPath = /bin/sh;
			shellScript = "diff \"${PODS_PODFILE_DIR_PATH}/Podfile.lock\" \"${PODS_ROOT}/Manifest.lock\" > /dev/null\nif [ $? != 0 ] ; then\n    # print error to STDERR\n    echo \"error: The sandbox is not in sync with the Podfile.lock. Run 'pod install' or update your CocoaPods installation.\" >&2\n    exit 1\nfi\n# This output is used by Xcode 'outputs' to avoid re-running this script phase.\necho \"SUCCESS\" > \"${SCRIPT_OUTPUT_FILE_0}\"\n";
			showEnvVarsInLog = 0;
		};
/* End PBXShellScriptBuildPhase section */

/* Begin PBXSourcesBuildPhase section */
		0CD4D88329D8C8BA009ADF5E /* Sources */ = {
			isa = PBXSourcesBuildPhase;
			buildActionMask = 2147483647;
			files = (
				0CD4D8A129D91466009ADF5E /* CreateAccountViewController.swift in Sources */,
				0CD4D89F29D911FA009ADF5E /* LoginViewController.swift in Sources */,
				0CD4D88F29D8C8BA009ADF5E /* ViewController.swift in Sources */,
				0C10738E29DA03E7006C3B37 /* CreateAccountApprovedViewController.swift in Sources */,
				0CD4D88B29D8C8BA009ADF5E /* AppDelegate.swift in Sources */,
				0CD4D88D29D8C8BA009ADF5E /* SceneDelegate.swift in Sources */,
			);
			runOnlyForDeploymentPostprocessing = 0;
		};
/* End PBXSourcesBuildPhase section */

/* Begin PBXVariantGroup section */
		0CD4D89029D8C8BA009ADF5E /* Main.storyboard */ = {
			isa = PBXVariantGroup;
			children = (
				0CD4D89129D8C8BA009ADF5E /* Base */,
			);
			name = Main.storyboard;
			sourceTree = "<group>";
		};
		0CD4D89529D8C8BA009ADF5E /* LaunchScreen.storyboard */ = {
			isa = PBXVariantGroup;
			children = (
				0CD4D89629D8C8BA009ADF5E /* Base */,
			);
			name = LaunchScreen.storyboard;
			sourceTree = "<group>";
		};
/* End PBXVariantGroup section */

/* Begin XCBuildConfiguration section */
		0CD4D89929D8C8BA009ADF5E /* Debug */ = {
			isa = XCBuildConfiguration;
			buildSettings = {
				ALWAYS_SEARCH_USER_PATHS = NO;
				CLANG_ANALYZER_NONNULL = YES;
				CLANG_ANALYZER_NUMBER_OBJECT_CONVERSION = YES_AGGRESSIVE;
				CLANG_CXX_LANGUAGE_STANDARD = "gnu++20";
				CLANG_ENABLE_MODULES = YES;
				CLANG_ENABLE_OBJC_ARC = YES;
				CLANG_ENABLE_OBJC_WEAK = YES;
				CLANG_WARN_BLOCK_CAPTURE_AUTORELEASING = YES;
				CLANG_WARN_BOOL_CONVERSION = YES;
				CLANG_WARN_COMMA = YES;
				CLANG_WARN_CONSTANT_CONVERSION = YES;
				CLANG_WARN_DEPRECATED_OBJC_IMPLEMENTATIONS = YES;
				CLANG_WARN_DIRECT_OBJC_ISA_USAGE = YES_ERROR;
				CLANG_WARN_DOCUMENTATION_COMMENTS = YES;
				CLANG_WARN_EMPTY_BODY = YES;
				CLANG_WARN_ENUM_CONVERSION = YES;
				CLANG_WARN_INFINITE_RECURSION = YES;
				CLANG_WARN_INT_CONVERSION = YES;
				CLANG_WARN_NON_LITERAL_NULL_CONVERSION = YES;
				CLANG_WARN_OBJC_IMPLICIT_RETAIN_SELF = YES;
				CLANG_WARN_OBJC_LITERAL_CONVERSION = YES;
				CLANG_WARN_OBJC_ROOT_CLASS = YES_ERROR;
				CLANG_WARN_QUOTED_INCLUDE_IN_FRAMEWORK_HEADER = YES;
				CLANG_WARN_RANGE_LOOP_ANALYSIS = YES;
				CLANG_WARN_STRICT_PROTOTYPES = YES;
				CLANG_WARN_SUSPICIOUS_MOVE = YES;
				CLANG_WARN_UNGUARDED_AVAILABILITY = YES_AGGRESSIVE;
				CLANG_WARN_UNREACHABLE_CODE = YES;
				CLANG_WARN__DUPLICATE_METHOD_MATCH = YES;
				COPY_PHASE_STRIP = NO;
				DEBUG_INFORMATION_FORMAT = dwarf;
				ENABLE_STRICT_OBJC_MSGSEND = YES;
				ENABLE_TESTABILITY = YES;
				GCC_C_LANGUAGE_STANDARD = gnu11;
				GCC_DYNAMIC_NO_PIC = NO;
				GCC_NO_COMMON_BLOCKS = YES;
				GCC_OPTIMIZATION_LEVEL = 0;
				GCC_PREPROCESSOR_DEFINITIONS = (
					"DEBUG=1",
					"$(inherited)",
				);
				GCC_WARN_64_TO_32_BIT_CONVERSION = YES;
				GCC_WARN_ABOUT_RETURN_TYPE = YES_ERROR;
				GCC_WARN_UNDECLARED_SELECTOR = YES;
				GCC_WARN_UNINITIALIZED_AUTOS = YES_AGGRESSIVE;
				GCC_WARN_UNUSED_FUNCTION = YES;
				GCC_WARN_UNUSED_VARIABLE = YES;
				IPHONEOS_DEPLOYMENT_TARGET = 16.2;
				MTL_ENABLE_DEBUG_INFO = INCLUDE_SOURCE;
				MTL_FAST_MATH = YES;
				ONLY_ACTIVE_ARCH = YES;
				SDKROOT = iphoneos;
				SWIFT_ACTIVE_COMPILATION_CONDITIONS = DEBUG;
				SWIFT_OPTIMIZATION_LEVEL = "-Onone";
			};
			name = Debug;
		};
		0CD4D89A29D8C8BA009ADF5E /* Release */ = {
			isa = XCBuildConfiguration;
			buildSettings = {
				ALWAYS_SEARCH_USER_PATHS = NO;
				CLANG_ANALYZER_NONNULL = YES;
				CLANG_ANALYZER_NUMBER_OBJECT_CONVERSION = YES_AGGRESSIVE;
				CLANG_CXX_LANGUAGE_STANDARD = "gnu++20";
				CLANG_ENABLE_MODULES = YES;
				CLANG_ENABLE_OBJC_ARC = YES;
				CLANG_ENABLE_OBJC_WEAK = YES;
				CLANG_WARN_BLOCK_CAPTURE_AUTORELEASING = YES;
				CLANG_WARN_BOOL_CONVERSION = YES;
				CLANG_WARN_COMMA = YES;
				CLANG_WARN_CONSTANT_CONVERSION = YES;
				CLANG_WARN_DEPRECATED_OBJC_IMPLEMENTATIONS = YES;
				CLANG_WARN_DIRECT_OBJC_ISA_USAGE = YES_ERROR;
				CLANG_WARN_DOCUMENTATION_COMMENTS = YES;
				CLANG_WARN_EMPTY_BODY = YES;
				CLANG_WARN_ENUM_CONVERSION = YES;
				CLANG_WARN_INFINITE_RECURSION = YES;
				CLANG_WARN_INT_CONVERSION = YES;
				CLANG_WARN_NON_LITERAL_NULL_CONVERSION = YES;
				CLANG_WARN_OBJC_IMPLICIT_RETAIN_SELF = YES;
				CLANG_WARN_OBJC_LITERAL_CONVERSION = YES;
				CLANG_WARN_OBJC_ROOT_CLASS = YES_ERROR;
				CLANG_WARN_QUOTED_INCLUDE_IN_FRAMEWORK_HEADER = YES;
				CLANG_WARN_RANGE_LOOP_ANALYSIS = YES;
				CLANG_WARN_STRICT_PROTOTYPES = YES;
				CLANG_WARN_SUSPICIOUS_MOVE = YES;
				CLANG_WARN_UNGUARDED_AVAILABILITY = YES_AGGRESSIVE;
				CLANG_WARN_UNREACHABLE_CODE = YES;
				CLANG_WARN__DUPLICATE_METHOD_MATCH = YES;
				COPY_PHASE_STRIP = NO;
				DEBUG_INFORMATION_FORMAT = "dwarf-with-dsym";
				ENABLE_NS_ASSERTIONS = NO;
				ENABLE_STRICT_OBJC_MSGSEND = YES;
				GCC_C_LANGUAGE_STANDARD = gnu11;
				GCC_NO_COMMON_BLOCKS = YES;
				GCC_WARN_64_TO_32_BIT_CONVERSION = YES;
				GCC_WARN_ABOUT_RETURN_TYPE = YES_ERROR;
				GCC_WARN_UNDECLARED_SELECTOR = YES;
				GCC_WARN_UNINITIALIZED_AUTOS = YES_AGGRESSIVE;
				GCC_WARN_UNUSED_FUNCTION = YES;
				GCC_WARN_UNUSED_VARIABLE = YES;
				IPHONEOS_DEPLOYMENT_TARGET = 16.2;
				MTL_ENABLE_DEBUG_INFO = NO;
				MTL_FAST_MATH = YES;
				SDKROOT = iphoneos;
				SWIFT_COMPILATION_MODE = wholemodule;
				SWIFT_OPTIMIZATION_LEVEL = "-O";
				VALIDATE_PRODUCT = YES;
			};
			name = Release;
		};
		0CD4D89C29D8C8BA009ADF5E /* Debug */ = {
			isa = XCBuildConfiguration;
			baseConfigurationReference = 3BDDAB9D592C2F8DAB6C6D6C /* Pods-Friendship.debug.xcconfig */;
			buildSettings = {
				ASSETCATALOG_COMPILER_APPICON_NAME = AppIcon;
				ASSETCATALOG_COMPILER_GLOBAL_ACCENT_COLOR_NAME = AccentColor;
				CODE_SIGN_STYLE = Automatic;
				CURRENT_PROJECT_VERSION = 1;
				GENERATE_INFOPLIST_FILE = YES;
				INFOPLIST_FILE = Friendship/Info.plist;
				INFOPLIST_KEY_UIApplicationSupportsIndirectInputEvents = YES;
				INFOPLIST_KEY_UILaunchStoryboardName = LaunchScreen;
				INFOPLIST_KEY_UIMainStoryboardFile = Main;
				INFOPLIST_KEY_UISupportedInterfaceOrientations_iPad = "UIInterfaceOrientationPortrait UIInterfaceOrientationPortraitUpsideDown UIInterfaceOrientationLandscapeLeft UIInterfaceOrientationLandscapeRight";
				INFOPLIST_KEY_UISupportedInterfaceOrientations_iPhone = "UIInterfaceOrientationPortrait UIInterfaceOrientationLandscapeLeft UIInterfaceOrientationLandscapeRight";
				LD_RUNPATH_SEARCH_PATHS = (
					"$(inherited)",
					"@executable_path/Frameworks",
				);
				MARKETING_VERSION = 1.0;
				PRODUCT_BUNDLE_IDENTIFIER = ozgun.Friendship;
				PRODUCT_NAME = "$(TARGET_NAME)";
				SWIFT_EMIT_LOC_STRINGS = YES;
				SWIFT_VERSION = 5.0;
				TARGETED_DEVICE_FAMILY = "1,2";
			};
			name = Debug;
		};
		0CD4D89D29D8C8BA009ADF5E /* Release */ = {
			isa = XCBuildConfiguration;
			baseConfigurationReference = 90796C12E32D355A3F99CB6C /* Pods-Friendship.release.xcconfig */;
			buildSettings = {
				ASSETCATALOG_COMPILER_APPICON_NAME = AppIcon;
				ASSETCATALOG_COMPILER_GLOBAL_ACCENT_COLOR_NAME = AccentColor;
				CODE_SIGN_STYLE = Automatic;
				CURRENT_PROJECT_VERSION = 1;
				GENERATE_INFOPLIST_FILE = YES;
				INFOPLIST_FILE = Friendship/Info.plist;
				INFOPLIST_KEY_UIApplicationSupportsIndirectInputEvents = YES;
				INFOPLIST_KEY_UILaunchStoryboardName = LaunchScreen;
				INFOPLIST_KEY_UIMainStoryboardFile = Main;
				INFOPLIST_KEY_UISupportedInterfaceOrientations_iPad = "UIInterfaceOrientationPortrait UIInterfaceOrientationPortraitUpsideDown UIInterfaceOrientationLandscapeLeft UIInterfaceOrientationLandscapeRight";
				INFOPLIST_KEY_UISupportedInterfaceOrientations_iPhone = "UIInterfaceOrientationPortrait UIInterfaceOrientationLandscapeLeft UIInterfaceOrientationLandscapeRight";
				LD_RUNPATH_SEARCH_PATHS = (
					"$(inherited)",
					"@executable_path/Frameworks",
				);
				MARKETING_VERSION = 1.0;
				PRODUCT_BUNDLE_IDENTIFIER = ozgun.Friendship;
				PRODUCT_NAME = "$(TARGET_NAME)";
				SWIFT_EMIT_LOC_STRINGS = YES;
				SWIFT_VERSION = 5.0;
				TARGETED_DEVICE_FAMILY = "1,2";
			};
			name = Release;
		};
/* End XCBuildConfiguration section */

/* Begin XCConfigurationList section */
		0CD4D88229D8C8BA009ADF5E /* Build configuration list for PBXProject "Friendship" */ = {
			isa = XCConfigurationList;
			buildConfigurations = (
				0CD4D89929D8C8BA009ADF5E /* Debug */,
				0CD4D89A29D8C8BA009ADF5E /* Release */,
			);
			defaultConfigurationIsVisible = 0;
			defaultConfigurationName = Release;
		};
		0CD4D89B29D8C8BA009ADF5E /* Build configuration list for PBXNativeTarget "Friendship" */ = {
			isa = XCConfigurationList;
			buildConfigurations = (
				0CD4D89C29D8C8BA009ADF5E /* Debug */,
				0CD4D89D29D8C8BA009ADF5E /* Release */,
			);
			defaultConfigurationIsVisible = 0;
			defaultConfigurationName = Release;
		};
/* End XCConfigurationList section */

/* Begin XCRemoteSwiftPackageReference section */
		0C10738F29DA1307006C3B37 /* XCRemoteSwiftPackageReference "realm-swift.git" */ = {
			isa = XCRemoteSwiftPackageReference;
			repositoryURL = "https://github.com/realm/realm-swift.git";
			requirement = {
				branch = master;
				kind = branch;
			};
		};
/* End XCRemoteSwiftPackageReference section */

/* Begin XCSwiftPackageProductDependency section */
		0C10739029DA1307006C3B37 /* Realm */ = {
			isa = XCSwiftPackageProductDependency;
			package = 0C10738F29DA1307006C3B37 /* XCRemoteSwiftPackageReference "realm-swift.git" */;
			productName = Realm;
		};
		0C10739229DA1307006C3B37 /* RealmSwift */ = {
			isa = XCSwiftPackageProductDependency;
			package = 0C10738F29DA1307006C3B37 /* XCRemoteSwiftPackageReference "realm-swift.git" */;
			productName = RealmSwift;
		};
/* End XCSwiftPackageProductDependency section */
	};
	rootObject = 0CD4D87F29D8C8BA009ADF5E /* Project object */;
}
